
Microsoft Visual Studio Solution File, Format Version 12.00
# Visual Studio Version 17
VisualStudioVersion = 17.8.34330.188
MinimumVisualStudioVersion = 10.0.40219.1
Project("{9A19103F-16F7-4668-BE54-9A1E7A4F7556}") = "Event-Planning-System", "Event-Planning-System\Event-Planning-System.csproj", "{9BA7829F-5B17-4BAD-9E90-3D73AE5AEDDA}"
	ProjectSection(ProjectDependencies) = postProject
		{53CDE171-3757-4401-800B-E583DFECFF6E} = {53CDE171-3757-4401-800B-E583DFECFF6E}
	EndProjectSection
EndProject
Project("{9A19103F-16F7-4668-BE54-9A1E7A4F7556}") = "Event-Planinng-System-DAL", "Event-Planinng-System-DAL\Event-Planinng-System-DAL.csproj", "{53CDE171-3757-4401-800B-E583DFECFF6E}"
EndProject
Global
	GlobalSection(SolutionConfigurationPlatforms) = preSolution
		Debug|Any CPU = Debug|Any CPU
		Release|Any CPU = Release|Any CPU
	EndGlobalSection
	GlobalSection(ProjectConfigurationPlatforms) = postSolution
		{9BA7829F-5B17-4BAD-9E90-3D73AE5AEDDA}.Debug|Any CPU.ActiveCfg = Debug|Any CPU
		{9BA7829F-5B17-4BAD-9E90-3D73AE5AEDDA}.Debug|Any CPU.Build.0 = Debug|Any CPU
		{9BA7829F-5B17-4BAD-9E90-3D73AE5AEDDA}.Release|Any CPU.ActiveCfg = Release|Any CPU
		{9BA7829F-5B17-4BAD-9E90-3D73AE5AEDDA}.Release|Any CPU.Build.0 = Release|Any CPU
		{53CDE171-3757-4401-800B-E583DFECFF6E}.Debug|Any CPU.ActiveCfg = Debug|Any CPU
		{53CDE171-3757-4401-800B-E583DFECFF6E}.Debug|Any CPU.Build.0 = Debug|Any CPU
		{53CDE171-3757-4401-800B-E583DFECFF6E}.Release|Any CPU.ActiveCfg = Release|Any CPU
		{53CDE171-3757-4401-800B-E583DFECFF6E}.Release|Any CPU.Build.0 = Release|Any CPU
	EndGlobalSection
	GlobalSection(SolutionProperties) = preSolution
		HideSolutionNode = FALSE
	EndGlobalSection
	GlobalSection(ExtensibilityGlobals) = postSolution
		SolutionGuid = {7B0B9551-A1FB-4798-AB10-8E9529B2D5A2}
	EndGlobalSection
EndGlobal
